# Exact development dependency pins; validate on the target Python 3.12 host.
-r requirements.lock
certifi==2026.7.22
colorama==0.4.6
httpcore==1.0.9
httpx==0.28.1
iniconfig==2.3.0
numpy==1.26.4
opencv-python==4.11.0.86
packaging==26.3
pillow==11.3.0
pluggy==1.6.0
pygments==2.21.0
pytest==9.1.1
ruff==0.16.10
uv==0.9.6
